// !$*UTF8*$!
{
	archiveVersion = 1;
	classes = {
	};
	objectVersion = 50;
	objects = {

/* Begin PBXBuildFile section */
		4C107EC82113DC6100E01C22 /* EmptyStateView.swift in Sources */ = {isa = PBXBuildFile; fileRef = 4C107EC72113DC6100E01C22 /* EmptyStateView.swift */; };
		4C107ECA2113EA7400E01C22 /* food-preparing.json in Resources */ = {isa = PBXBuildFile; fileRef = 4C107EC92113EA7400E01C22 /* food-preparing.json */; };
		4C119D9F2111C7FA00F0536A /* NetworkHelper.swift in Sources */ = {isa = PBXBuildFile; fileRef = 4C119D9E2111C7FA00F0536A /* NetworkHelper.swift */; };
		4C119DA52111D25C00F0536A /* FoodItemCollectionViewCell.swift in Sources */ = {isa = PBXBuildFile; fileRef = 4C119DA32111D25C00F0536A /* FoodItemCollectionViewCell.swift */; };
		4C119DA62111D25C00F0536A /* FoodItemCollectionViewCell.xib in Resources */ = {isa = PBXBuildFile; fileRef = 4C119DA42111D25C00F0536A /* FoodItemCollectionViewCell.xib */; };
		4C119DA9211215A500F0536A /* LandingViewController.swift in Sources */ = {isa = PBXBuildFile; fileRef = 4C119DA8211215A500F0536A /* LandingViewController.swift */; };
		4C31BC4021121EAF007B35C7 /* SelectMachineViewController.swift in Sources */ = {isa = PBXBuildFile; fileRef = 4C31BC3F21121EAF007B35C7 /* SelectMachineViewController.swift */; };
		4C31BC4221121F22007B35C7 /* VendingMachine.swift in Sources */ = {isa = PBXBuildFile; fileRef = 4C31BC4121121F22007B35C7 /* VendingMachine.swift */; };
		4C31BC4421121F9C007B35C7 /* FoodItem.swift in Sources */ = {isa = PBXBuildFile; fileRef = 4C31BC4321121F9C007B35C7 /* FoodItem.swift */; };
		4C31BC47211226CE007B35C7 /* VendingMachineCollectionViewCell.swift in Sources */ = {isa = PBXBuildFile; fileRef = 4C31BC45211226CE007B35C7 /* VendingMachineCollectionViewCell.swift */; };
		4C31BC48211226CE007B35C7 /* VendingMachineCollectionViewCell.xib in Resources */ = {isa = PBXBuildFile; fileRef = 4C31BC46211226CE007B35C7 /* VendingMachineCollectionViewCell.xib */; };
		4C31BC4A21122A54007B35C7 /* KeychainHelper.swift in Sources */ = {isa = PBXBuildFile; fileRef = 4C31BC4921122A54007B35C7 /* KeychainHelper.swift */; };
		4C31BC4C21123613007B35C7 /* SupplyFoodViewController.swift in Sources */ = {isa = PBXBuildFile; fileRef = 4C31BC4B21123613007B35C7 /* SupplyFoodViewController.swift */; };
		4C31BC4E21124531007B35C7 /* File.swift in Sources */ = {isa = PBXBuildFile; fileRef = 4C31BC4D21124531007B35C7 /* File.swift */; };
		4C703AD32110EF5800A25563 /* AppDelegate.swift in Sources */ = {isa = PBXBuildFile; fileRef = 4C703AD22110EF5800A25563 /* AppDelegate.swift */; };
		4C703AD52110EF5800A25563 /* ViewController.swift in Sources */ = {isa = PBXBuildFile; fileRef = 4C703AD42110EF5800A25563 /* ViewController.swift */; };
		4C703AD82110EF5800A25563 /* Main.storyboard in Resources */ = {isa = PBXBuildFile; fileRef = 4C703AD62110EF5800A25563 /* Main.storyboard */; };
		4C703ADA2110EF5900A25563 /* Assets.xcassets in Resources */ = {isa = PBXBuildFile; fileRef = 4C703AD92110EF5900A25563 /* Assets.xcassets */; };
		4C703ADD2110EF5900A25563 /* LaunchScreen.storyboard in Resources */ = {isa = PBXBuildFile; fileRef = 4C703ADB2110EF5900A25563 /* LaunchScreen.storyboard */; };
		4C703AEC2111A5BA00A25563 /* DetailsViewModel.swift in Sources */ = {isa = PBXBuildFile; fileRef = 4C703AEA2111A5BA00A25563 /* DetailsViewModel.swift */; };
		4C703AED2111A5BA00A25563 /* DetailsCollectionViewController.swift in Sources */ = {isa = PBXBuildFile; fileRef = 4C703AEB2111A5BA00A25563 /* DetailsCollectionViewController.swift */; };
		4C703AF22111A5C600A25563 /* LabelCollectionViewCell.xib in Resources */ = {isa = PBXBuildFile; fileRef = 4C703AEE2111A5C600A25563 /* LabelCollectionViewCell.xib */; };
		4C703AF32111A5C600A25563 /* LabelCollectionViewCell.swift in Sources */ = {isa = PBXBuildFile; fileRef = 4C703AEF2111A5C600A25563 /* LabelCollectionViewCell.swift */; };
		4C703AF42111A5C600A25563 /* HeaderCollectionViewCell.swift in Sources */ = {isa = PBXBuildFile; fileRef = 4C703AF02111A5C600A25563 /* HeaderCollectionViewCell.swift */; };
		4C703AF52111A5C600A25563 /* HeaderCollectionViewCell.xib in Resources */ = {isa = PBXBuildFile; fileRef = 4C703AF12111A5C600A25563 /* HeaderCollectionViewCell.xib */; };
		4C703AFD2111A68400A25563 /* DetailsBaseCollectionViewCell.swift in Sources */ = {isa = PBXBuildFile; fileRef = 4C703AF62111A68400A25563 /* DetailsBaseCollectionViewCell.swift */; };
		4C703AFE2111A68400A25563 /* EmptyCollectionViewCell.swift in Sources */ = {isa = PBXBuildFile; fileRef = 4C703AF72111A68400A25563 /* EmptyCollectionViewCell.swift */; };
		4C703AFF2111A68400A25563 /* EmptyCollectionViewCell.xib in Resources */ = {isa = PBXBuildFile; fileRef = 4C703AF82111A68400A25563 /* EmptyCollectionViewCell.xib */; };
		4C703B002111A68400A25563 /* ButtonCollectionViewCell.xib in Resources */ = {isa = PBXBuildFile; fileRef = 4C703AF92111A68400A25563 /* ButtonCollectionViewCell.xib */; };
		4C703B012111A68400A25563 /* PerosnCollectionViewCell.swift in Sources */ = {isa = PBXBuildFile; fileRef = 4C703AFA2111A68400A25563 /* PerosnCollectionViewCell.swift */; };
		4C703B022111A68400A25563 /* PerosnCollectionViewCell.xib in Resources */ = {isa = PBXBuildFile; fileRef = 4C703AFB2111A68400A25563 /* PerosnCollectionViewCell.xib */; };
		4C703B032111A68400A25563 /* ButtonCollectionViewCell.swift in Sources */ = {isa = PBXBuildFile; fileRef = 4C703AFC2111A68400A25563 /* ButtonCollectionViewCell.swift */; };
		4C703B052111AD2100A25563 /* Icons.xcassets in Resources */ = {isa = PBXBuildFile; fileRef = 4C703B042111AD2100A25563 /* Icons.xcassets */; };
		4C703B092111B5D000A25563 /* VendingMachineCollectionViewController.swift in Sources */ = {isa = PBXBuildFile; fileRef = 4C703B082111B5D000A25563 /* VendingMachineCollectionViewController.swift */; };
		4C703B0E2111BA3500A25563 /* ApiManager.swift in Sources */ = {isa = PBXBuildFile; fileRef = 4C703B0D2111BA3500A25563 /* ApiManager.swift */; };
		4C703B112111BCD200A25563 /* User.swift in Sources */ = {isa = PBXBuildFile; fileRef = 4C703B102111BCD200A25563 /* User.swift */; };
		4CD8AF3D2113653300E0681B /* HajjColor.swift in Sources */ = {isa = PBXBuildFile; fileRef = 4CD8AF3C2113653300E0681B /* HajjColor.swift */; };
		4CD8AF3F21136EEB00E0681B /* fingerprint-animation.json in Resources */ = {isa = PBXBuildFile; fileRef = 4CD8AF3E21136EEB00E0681B /* fingerprint-animation.json */; };
		4CD8AF4121138AC700E0681B /* FoodPrepViewController.swift in Sources */ = {isa = PBXBuildFile; fileRef = 4CD8AF4021138AC700E0681B /* FoodPrepViewController.swift */; };
		4CD8AF45211393A500E0681B /* FoodTypeViewController.swift in Sources */ = {isa = PBXBuildFile; fileRef = 4CD8AF44211393A500E0681B /* FoodTypeViewController.swift */; };
		F90D7664D8E4A936503E0F17 /* Pods_Hajj_Hackathon_2018.framework in Frameworks */ = {isa = PBXBuildFile; fileRef = B70AEF6C66B6C6B01D1C5907 /* Pods_Hajj_Hackathon_2018.framework */; };
/* End PBXBuildFile section */

/* Begin PBXFileReference section */
		4C107EC72113DC6100E01C22 /* EmptyStateView.swift */ = {isa = PBXFileReference; lastKnownFileType = sourcecode.swift; path = EmptyStateView.swift; sourceTree = "<group>"; };
		4C107EC92113EA7400E01C22 /* food-preparing.json */ = {isa = PBXFileReference; fileEncoding = 4; lastKnownFileType = text.json; path = "food-preparing.json"; sourceTree = "<group>"; };
		4C119D9E2111C7FA00F0536A /* NetworkHelper.swift */ = {isa = PBXFileReference; lastKnownFileType = sourcecode.swift; path = NetworkHelper.swift; sourceTree = "<group>"; };
		4C119DA32111D25C00F0536A /* FoodItemCollectionViewCell.swift */ = {isa = PBXFileReference; lastKnownFileType = sourcecode.swift; path = FoodItemCollectionViewCell.swift; sourceTree = "<group>"; };
		4C119DA42111D25C00F0536A /* FoodItemCollectionViewCell.xib */ = {isa = PBXFileReference; lastKnownFileType = file.xib; path = FoodItemCollectionViewCell.xib; sourceTree = "<group>"; };
		4C119DA8211215A500F0536A /* LandingViewController.swift */ = {isa = PBXFileReference; lastKnownFileType = sourcecode.swift; path = LandingViewController.swift; sourceTree = "<group>"; };
		4C31BC3F21121EAF007B35C7 /* SelectMachineViewController.swift */ = {isa = PBXFileReference; lastKnownFileType = sourcecode.swift; path = SelectMachineViewController.swift; sourceTree = "<group>"; };
		4C31BC4121121F22007B35C7 /* VendingMachine.swift */ = {isa = PBXFileReference; lastKnownFileType = sourcecode.swift; path = VendingMachine.swift; sourceTree = "<group>"; };
		4C31BC4321121F9C007B35C7 /* FoodItem.swift */ = {isa = PBXFileReference; lastKnownFileType = sourcecode.swift; path = FoodItem.swift; sourceTree = "<group>"; };
		4C31BC45211226CE007B35C7 /* VendingMachineCollectionViewCell.swift */ = {isa = PBXFileReference; lastKnownFileType = sourcecode.swift; path = VendingMachineCollectionViewCell.swift; sourceTree = "<group>"; };
		4C31BC46211226CE007B35C7 /* VendingMachineCollectionViewCell.xib */ = {isa = PBXFileReference; lastKnownFileType = file.xib; path = VendingMachineCollectionViewCell.xib; sourceTree = "<group>"; };
		4C31BC4921122A54007B35C7 /* KeychainHelper.swift */ = {isa = PBXFileReference; lastKnownFileType = sourcecode.swift; path = KeychainHelper.swift; sourceTree = "<group>"; };
		4C31BC4B21123613007B35C7 /* SupplyFoodViewController.swift */ = {isa = PBXFileReference; lastKnownFileType = sourcecode.swift; path = SupplyFoodViewController.swift; sourceTree = "<group>"; };
		4C31BC4D21124531007B35C7 /* File.swift */ = {isa = PBXFileReference; lastKnownFileType = sourcecode.swift; path = File.swift; sourceTree = "<group>"; };
		4C703ACF2110EF5800A25563 /* Hajj-Hackathon-2018.app */ = {isa = PBXFileReference; explicitFileType = wrapper.application; includeInIndex = 0; path = "Hajj-Hackathon-2018.app"; sourceTree = BUILT_PRODUCTS_DIR; };
		4C703AD22110EF5800A25563 /* AppDelegate.swift */ = {isa = PBXFileReference; lastKnownFileType = sourcecode.swift; path = AppDelegate.swift; sourceTree = "<group>"; };
		4C703AD42110EF5800A25563 /* ViewController.swift */ = {isa = PBXFileReference; lastKnownFileType = sourcecode.swift; path = ViewController.swift; sourceTree = "<group>"; };
		4C703AD72110EF5800A25563 /* Base */ = {isa = PBXFileReference; lastKnownFileType = file.storyboard; name = Base; path = Base.lproj/Main.storyboard; sourceTree = "<group>"; };
		4C703AD92110EF5900A25563 /* Assets.xcassets */ = {isa = PBXFileReference; lastKnownFileType = folder.assetcatalog; path = Assets.xcassets; sourceTree = "<group>"; };
		4C703ADC2110EF5900A25563 /* Base */ = {isa = PBXFileReference; lastKnownFileType = file.storyboard; name = Base; path = Base.lproj/LaunchScreen.storyboard; sourceTree = "<group>"; };
		4C703ADE2110EF5900A25563 /* Info.plist */ = {isa = PBXFileReference; lastKnownFileType = text.plist.xml; path = Info.plist; sourceTree = "<group>"; };
		4C703AEA2111A5BA00A25563 /* DetailsViewModel.swift */ = {isa = PBXFileReference; fileEncoding = 4; lastKnownFileType = sourcecode.swift; path = DetailsViewModel.swift; sourceTree = "<group>"; };
		4C703AEB2111A5BA00A25563 /* DetailsCollectionViewController.swift */ = {isa = PBXFileReference; fileEncoding = 4; lastKnownFileType = sourcecode.swift; path = DetailsCollectionViewController.swift; sourceTree = "<group>"; };
		4C703AEE2111A5C600A25563 /* LabelCollectionViewCell.xib */ = {isa = PBXFileReference; fileEncoding = 4; lastKnownFileType = file.xib; path = LabelCollectionViewCell.xib; sourceTree = "<group>"; };
		4C703AEF2111A5C600A25563 /* LabelCollectionViewCell.swift */ = {isa = PBXFileReference; fileEncoding = 4; lastKnownFileType = sourcecode.swift; path = LabelCollectionViewCell.swift; sourceTree = "<group>"; };
		4C703AF02111A5C600A25563 /* HeaderCollectionViewCell.swift */ = {isa = PBXFileReference; fileEncoding = 4; lastKnownFileType = sourcecode.swift; path = HeaderCollectionViewCell.swift; sourceTree = "<group>"; };
		4C703AF12111A5C600A25563 /* HeaderCollectionViewCell.xib */ = {isa = PBXFileReference; fileEncoding = 4; lastKnownFileType = file.xib; path = HeaderCollectionViewCell.xib; sourceTree = "<group>"; };
		4C703AF62111A68400A25563 /* DetailsBaseCollectionViewCell.swift */ = {isa = PBXFileReference; fileEncoding = 4; lastKnownFileType = sourcecode.swift; path = DetailsBaseCollectionViewCell.swift; sourceTree = "<group>"; };
		4C703AF72111A68400A25563 /* EmptyCollectionViewCell.swift */ = {isa = PBXFileReference; fileEncoding = 4; lastKnownFileType = sourcecode.swift; path = EmptyCollectionViewCell.swift; sourceTree = "<group>"; };
		4C703AF82111A68400A25563 /* EmptyCollectionViewCell.xib */ = {isa = PBXFileReference; fileEncoding = 4; lastKnownFileType = file.xib; path = EmptyCollectionViewCell.xib; sourceTree = "<group>"; };
		4C703AF92111A68400A25563 /* ButtonCollectionViewCell.xib */ = {isa = PBXFileReference; fileEncoding = 4; lastKnownFileType = file.xib; path = ButtonCollectionViewCell.xib; sourceTree = "<group>"; };
		4C703AFA2111A68400A25563 /* PerosnCollectionViewCell.swift */ = {isa = PBXFileReference; fileEncoding = 4; lastKnownFileType = sourcecode.swift; path = PerosnCollectionViewCell.swift; sourceTree = "<group>"; };
		4C703AFB2111A68400A25563 /* PerosnCollectionViewCell.xib */ = {isa = PBXFileReference; fileEncoding = 4; lastKnownFileType = file.xib; path = PerosnCollectionViewCell.xib; sourceTree = "<group>"; };
		4C703AFC2111A68400A25563 /* ButtonCollectionViewCell.swift */ = {isa = PBXFileReference; fileEncoding = 4; lastKnownFileType = sourcecode.swift; path = ButtonCollectionViewCell.swift; sourceTree = "<group>"; };
		4C703B042111AD2100A25563 /* Icons.xcassets */ = {isa = PBXFileReference; lastKnownFileType = folder.assetcatalog; path = Icons.xcassets; sourceTree = "<group>"; };
		4C703B082111B5D000A25563 /* VendingMachineCollectionViewController.swift */ = {isa = PBXFileReference; lastKnownFileType = sourcecode.swift; path = VendingMachineCollectionViewController.swift; sourceTree = "<group>"; };
		4C703B0D2111BA3500A25563 /* ApiManager.swift */ = {isa = PBXFileReference; lastKnownFileType = sourcecode.swift; path = ApiManager.swift; sourceTree = "<group>"; };
		4C703B102111BCD200A25563 /* User.swift */ = {isa = PBXFileReference; lastKnownFileType = sourcecode.swift; path = User.swift; sourceTree = "<group>"; };
		4CD8AF3C2113653300E0681B /* HajjColor.swift */ = {isa = PBXFileReference; lastKnownFileType = sourcecode.swift; path = HajjColor.swift; sourceTree = "<group>"; };
		4CD8AF3E21136EEB00E0681B /* fingerprint-animation.json */ = {isa = PBXFileReference; fileEncoding = 4; lastKnownFileType = text.json; path = "fingerprint-animation.json"; sourceTree = "<group>"; };
		4CD8AF4021138AC700E0681B /* FoodPrepViewController.swift */ = {isa = PBXFileReference; lastKnownFileType = sourcecode.swift; path = FoodPrepViewController.swift; sourceTree = "<group>"; };
		4CD8AF44211393A500E0681B /* FoodTypeViewController.swift */ = {isa = PBXFileReference; lastKnownFileType = sourcecode.swift; path = FoodTypeViewController.swift; sourceTree = "<group>"; };
		6E801920AB68B608586AA045 /* Pods-Hajj-Hackathon-2018.debug.xcconfig */ = {isa = PBXFileReference; includeInIndex = 1; lastKnownFileType = text.xcconfig; name = "Pods-Hajj-Hackathon-2018.debug.xcconfig"; path = "Pods/Target Support Files/Pods-Hajj-Hackathon-2018/Pods-Hajj-Hackathon-2018.debug.xcconfig"; sourceTree = "<group>"; };
		95ADD3DF42AB4996975FA6F6 /* Pods-Hajj-Hackathon-2018.release.xcconfig */ = {isa = PBXFileReference; includeInIndex = 1; lastKnownFileType = text.xcconfig; name = "Pods-Hajj-Hackathon-2018.release.xcconfig"; path = "Pods/Target Support Files/Pods-Hajj-Hackathon-2018/Pods-Hajj-Hackathon-2018.release.xcconfig"; sourceTree = "<group>"; };
		B70AEF6C66B6C6B01D1C5907 /* Pods_Hajj_Hackathon_2018.framework */ = {isa = PBXFileReference; explicitFileType = wrapper.framework; includeInIndex = 0; path = Pods_Hajj_Hackathon_2018.framework; sourceTree = BUILT_PRODUCTS_DIR; };
/* End PBXFileReference section */

/* Begin PBXFrameworksBuildPhase section */
		4C703ACC2110EF5800A25563 /* Frameworks */ = {
			isa = PBXFrameworksBuildPhase;
			buildActionMask = 2147483647;
			files = (
				F90D7664D8E4A936503E0F17 /* Pods_Hajj_Hackathon_2018.framework in Frameworks */,
			);
			runOnlyForDeploymentPostprocessing = 0;
		};
/* End PBXFrameworksBuildPhase section */

/* Begin PBXGroup section */
		012D6DC9F5CA71E3DB41EDF7 /* Pods */ = {
			isa = PBXGroup;
			children = (
				6E801920AB68B608586AA045 /* Pods-Hajj-Hackathon-2018.debug.xcconfig */,
				95ADD3DF42AB4996975FA6F6 /* Pods-Hajj-Hackathon-2018.release.xcconfig */,
			);
			name = Pods;
			sourceTree = "<group>";
		};
		4B068E42002731A19D0C428F /* Frameworks */ = {
			isa = PBXGroup;
			children = (
				B70AEF6C66B6C6B01D1C5907 /* Pods_Hajj_Hackathon_2018.framework */,
			);
			name = Frameworks;
			sourceTree = "<group>";
		};
		4C119D9B2111C7B500F0536A /* Utils */ = {
			isa = PBXGroup;
			children = (
				4C31BC4921122A54007B35C7 /* KeychainHelper.swift */,
				4CD8AF3C2113653300E0681B /* HajjColor.swift */,
			);
			path = Utils;
			sourceTree = "<group>";
		};
		4C119DA22111D24000F0536A /* Vending Machine Cells */ = {
			isa = PBXGroup;
			children = (
				4C119DA32111D25C00F0536A /* FoodItemCollectionViewCell.swift */,
				4C119DA42111D25C00F0536A /* FoodItemCollectionViewCell.xib */,
				4C107EC72113DC6100E01C22 /* EmptyStateView.swift */,
			);
			path = "Vending Machine Cells";
			sourceTree = "<group>";
		};
		4C119DA72112158900F0536A /* Landing */ = {
			isa = PBXGroup;
			children = (
				4C119DA8211215A500F0536A /* LandingViewController.swift */,
				4C31BC3F21121EAF007B35C7 /* SelectMachineViewController.swift */,
				4C31BC45211226CE007B35C7 /* VendingMachineCollectionViewCell.swift */,
				4C31BC46211226CE007B35C7 /* VendingMachineCollectionViewCell.xib */,
			);
			path = Landing;
			sourceTree = "<group>";
		};
		4C703AC62110EF5800A25563 = {
			isa = PBXGroup;
			children = (
				4C703AD12110EF5800A25563 /* Hajj-Hackathon-2018 */,
				4C703AD02110EF5800A25563 /* Products */,
				012D6DC9F5CA71E3DB41EDF7 /* Pods */,
				4B068E42002731A19D0C428F /* Frameworks */,
			);
			sourceTree = "<group>";
		};
		4C703AD02110EF5800A25563 /* Products */ = {
			isa = PBXGroup;
			children = (
				4C703ACF2110EF5800A25563 /* Hajj-Hackathon-2018.app */,
			);
			name = Products;
			sourceTree = "<group>";
		};
		4C703AD12110EF5800A25563 /* Hajj-Hackathon-2018 */ = {
			isa = PBXGroup;
			children = (
				4C107EC92113EA7400E01C22 /* food-preparing.json */,
				4CD8AF3E21136EEB00E0681B /* fingerprint-animation.json */,
				4C119D9B2111C7B500F0536A /* Utils */,
				4C703AD22110EF5800A25563 /* AppDelegate.swift */,
				4C703B0F2111BCC100A25563 /* Model */,
				4C703B0A2111B84000A25563 /* Network */,
				4C703B062111B2E200A25563 /* User Story */,
				4C703AE82111A59B00A25563 /* Details View Controller */,
				4C703AD42110EF5800A25563 /* ViewController.swift */,
				4C703AD62110EF5800A25563 /* Main.storyboard */,
				4C703AD92110EF5900A25563 /* Assets.xcassets */,
				4C703ADB2110EF5900A25563 /* LaunchScreen.storyboard */,
				4C703ADE2110EF5900A25563 /* Info.plist */,
				4C703B042111AD2100A25563 /* Icons.xcassets */,
			);
			path = "Hajj-Hackathon-2018";
			sourceTree = "<group>";
		};
		4C703AE82111A59B00A25563 /* Details View Controller */ = {
			isa = PBXGroup;
			children = (
				4C703AEB2111A5BA00A25563 /* DetailsCollectionViewController.swift */,
				4C703AEA2111A5BA00A25563 /* DetailsViewModel.swift */,
				4C703AE92111A5A900A25563 /* Cells */,
			);
			path = "Details View Controller";
			sourceTree = "<group>";
		};
		4C703AE92111A5A900A25563 /* Cells */ = {
			isa = PBXGroup;
			children = (
				4C703AFC2111A68400A25563 /* ButtonCollectionViewCell.swift */,
				4C703AF92111A68400A25563 /* ButtonCollectionViewCell.xib */,
				4C703AF62111A68400A25563 /* DetailsBaseCollectionViewCell.swift */,
				4C703AF72111A68400A25563 /* EmptyCollectionViewCell.swift */,
				4C703AF82111A68400A25563 /* EmptyCollectionViewCell.xib */,
				4C703AFA2111A68400A25563 /* PerosnCollectionViewCell.swift */,
				4C703AFB2111A68400A25563 /* PerosnCollectionViewCell.xib */,
				4C703AF02111A5C600A25563 /* HeaderCollectionViewCell.swift */,
				4C703AF12111A5C600A25563 /* HeaderCollectionViewCell.xib */,
				4C703AEF2111A5C600A25563 /* LabelCollectionViewCell.swift */,
				4C703AEE2111A5C600A25563 /* LabelCollectionViewCell.xib */,
			);
			path = Cells;
			sourceTree = "<group>";
		};
		4C703B062111B2E200A25563 /* User Story */ = {
			isa = PBXGroup;
			children = (
				4C119DA72112158900F0536A /* Landing */,
				4C703B072111B56F00A25563 /* Vending Machine */,
			);
			path = "User Story";
			sourceTree = "<group>";
		};
		4C703B072111B56F00A25563 /* Vending Machine */ = {
			isa = PBXGroup;
			children = (
				4C119DA22111D24000F0536A /* Vending Machine Cells */,
				4C703B082111B5D000A25563 /* VendingMachineCollectionViewController.swift */,
				4C31BC4B21123613007B35C7 /* SupplyFoodViewController.swift */,
				4C31BC4D21124531007B35C7 /* File.swift */,
				4CD8AF4021138AC700E0681B /* FoodPrepViewController.swift */,
				4CD8AF44211393A500E0681B /* FoodTypeViewController.swift */,
			);
			path = "Vending Machine";
			sourceTree = "<group>";
		};
		4C703B0A2111B84000A25563 /* Network */ = {
			isa = PBXGroup;
			children = (
				4C703B0D2111BA3500A25563 /* ApiManager.swift */,
				4C119D9E2111C7FA00F0536A /* NetworkHelper.swift */,
			);
			path = Network;
			sourceTree = "<group>";
		};
		4C703B0F2111BCC100A25563 /* Model */ = {
			isa = PBXGroup;
			children = (
				4C703B102111BCD200A25563 /* User.swift */,
				4C31BC4121121F22007B35C7 /* VendingMachine.swift */,
				4C31BC4321121F9C007B35C7 /* FoodItem.swift */,
			);
			path = Model;
			sourceTree = "<group>";
		};
/* End PBXGroup section */

/* Begin PBXNativeTarget section */
		4C703ACE2110EF5800A25563 /* Hajj-Hackathon-2018 */ = {
			isa = PBXNativeTarget;
			buildConfigurationList = 4C703AE12110EF5900A25563 /* Build configuration list for PBXNativeTarget "Hajj-Hackathon-2018" */;
			buildPhases = (
				3D9798FC9A5D2F2D9E175F07 /* [CP] Check Pods Manifest.lock */,
				4C703ACB2110EF5800A25563 /* Sources */,
				4C703ACC2110EF5800A25563 /* Frameworks */,
				4C703ACD2110EF5800A25563 /* Resources */,
				194883C527F11F55290AB166 /* [CP] Embed Pods Frameworks */,
				3471038545EAA03857908090 /* [CP] Copy Pods Resources */,
			);
			buildRules = (
			);
			dependencies = (
			);
			name = "Hajj-Hackathon-2018";
			productName = "Hajj-Hackathon-2018";
			productReference = 4C703ACF2110EF5800A25563 /* Hajj-Hackathon-2018.app */;
			productType = "com.apple.product-type.application";
		};
/* End PBXNativeTarget section */

/* Begin PBXProject section */
		4C703AC72110EF5800A25563 /* Project object */ = {
			isa = PBXProject;
			attributes = {
				LastSwiftUpdateCheck = 0940;
				LastUpgradeCheck = 0940;
				ORGANIZATIONNAME = "Omar Alshammari";
				TargetAttributes = {
					4C703ACE2110EF5800A25563 = {
						CreatedOnToolsVersion = 9.4.1;
					};
				};
			};
			buildConfigurationList = 4C703ACA2110EF5800A25563 /* Build configuration list for PBXProject "Hajj-Hackathon-2018" */;
			compatibilityVersion = "Xcode 9.3";
			developmentRegion = en;
			hasScannedForEncodings = 0;
			knownRegions = (
				en,
				Base,
			);
			mainGroup = 4C703AC62110EF5800A25563;
			productRefGroup = 4C703AD02110EF5800A25563 /* Products */;
			projectDirPath = "";
			projectRoot = "";
			targets = (
				4C703ACE2110EF5800A25563 /* Hajj-Hackathon-2018 */,
			);
		};
/* End PBXProject section */

/* Begin PBXResourcesBuildPhase section */
		4C703ACD2110EF5800A25563 /* Resources */ = {
			isa = PBXResourcesBuildPhase;
			buildActionMask = 2147483647;
			files = (
				4C703B002111A68400A25563 /* ButtonCollectionViewCell.xib in Resources */,
				4C703B052111AD2100A25563 /* Icons.xcassets in Resources */,
				4C703AFF2111A68400A25563 /* EmptyCollectionViewCell.xib in Resources */,
				4C119DA62111D25C00F0536A /* FoodItemCollectionViewCell.xib in Resources */,
				4C703ADD2110EF5900A25563 /* LaunchScreen.storyboard in Resources */,
				4C703B022111A68400A25563 /* PerosnCollectionViewCell.xib in Resources */,
				4C107ECA2113EA7400E01C22 /* food-preparing.json in Resources */,
				4C31BC48211226CE007B35C7 /* VendingMachineCollectionViewCell.xib in Resources */,
				4C703ADA2110EF5900A25563 /* Assets.xcassets in Resources */,
				4C703AD82110EF5800A25563 /* Main.storyboard in Resources */,
				4C703AF52111A5C600A25563 /* HeaderCollectionViewCell.xib in Resources */,
				4C703AF22111A5C600A25563 /* LabelCollectionViewCell.xib in Resources */,
				4CD8AF3F21136EEB00E0681B /* fingerprint-animation.json in Resources */,
			);
			runOnlyForDeploymentPostprocessing = 0;
		};
/* End PBXResourcesBuildPhase section */

/* Begin PBXShellScriptBuildPhase section */
		194883C527F11F55290AB166 /* [CP] Embed Pods Frameworks */ = {
			isa = PBXShellScriptBuildPhase;
			buildActionMask = 2147483647;
			files = (
			);
			inputPaths = (
				"${SRCROOT}/Pods/Target Support Files/Pods-Hajj-Hackathon-2018/Pods-Hajj-Hackathon-2018-frameworks.sh",
				"${BUILT_PRODUCTS_DIR}/Alamofire/Alamofire.framework",
				"${BUILT_PRODUCTS_DIR}/AlamofireNetworkActivityLogger/AlamofireNetworkActivityLogger.framework",
				"${BUILT_PRODUCTS_DIR}/HermesNetwork/HermesNetwork.framework",
				"${BUILT_PRODUCTS_DIR}/HydraAsync/Hydra.framework",
				"${BUILT_PRODUCTS_DIR}/StatefulViewController/StatefulViewController.framework",
				"${BUILT_PRODUCTS_DIR}/SwiftKeychainWrapper/SwiftKeychainWrapper.framework",
				"${BUILT_PRODUCTS_DIR}/SwiftyJSON/SwiftyJSON.framework",
				"${BUILT_PRODUCTS_DIR}/lottie-ios/Lottie.framework",
			);
			name = "[CP] Embed Pods Frameworks";
			outputPaths = (
				"${TARGET_BUILD_DIR}/${FRAMEWORKS_FOLDER_PATH}/Alamofire.framework",
				"${TARGET_BUILD_DIR}/${FRAMEWORKS_FOLDER_PATH}/AlamofireNetworkActivityLogger.framework",
				"${TARGET_BUILD_DIR}/${FRAMEWORKS_FOLDER_PATH}/HermesNetwork.framework",
				"${TARGET_BUILD_DIR}/${FRAMEWORKS_FOLDER_PATH}/Hydra.framework",
				"${TARGET_BUILD_DIR}/${FRAMEWORKS_FOLDER_PATH}/StatefulViewController.framework",
				"${TARGET_BUILD_DIR}/${FRAMEWORKS_FOLDER_PATH}/SwiftKeychainWrapper.framework",
				"${TARGET_BUILD_DIR}/${FRAMEWORKS_FOLDER_PATH}/SwiftyJSON.framework",
				"${TARGET_BUILD_DIR}/${FRAMEWORKS_FOLDER_PATH}/Lottie.framework",
			);
			runOnlyForDeploymentPostprocessing = 0;
			shellPath = /bin/sh;
			shellScript = "\"${SRCROOT}/Pods/Target Support Files/Pods-Hajj-Hackathon-2018/Pods-Hajj-Hackathon-2018-frameworks.sh\"\n";
			showEnvVarsInLog = 0;
		};
		3471038545EAA03857908090 /* [CP] Copy Pods Resources */ = {
			isa = PBXShellScriptBuildPhase;
			buildActionMask = 2147483647;
			files = (
			);
			inputPaths = (
			);
			name = "[CP] Copy Pods Resources";
			outputPaths = (
			);
			runOnlyForDeploymentPostprocessing = 0;
			shellPath = /bin/sh;
			shellScript = "\"${SRCROOT}/Pods/Target Support Files/Pods-Hajj-Hackathon-2018/Pods-Hajj-Hackathon-2018-resources.sh\"\n";
			showEnvVarsInLog = 0;
		};
		3D9798FC9A5D2F2D9E175F07 /* [CP] Check Pods Manifest.lock */ = {
			isa = PBXShellScriptBuildPhase;
			buildActionMask = 2147483647;
			files = (
			);
			inputPaths = (
				"${PODS_PODFILE_DIR_PATH}/Podfile.lock",
				"${PODS_ROOT}/Manifest.lock",
			);
			name = "[CP] Check Pods Manifest.lock";
			outputPaths = (
				"$(DERIVED_FILE_DIR)/Pods-Hajj-Hackathon-2018-checkManifestLockResult.txt",
			);
			runOnlyForDeploymentPostprocessing = 0;
			shellPath = /bin/sh;
			shellScript = "diff \"${PODS_PODFILE_DIR_PATH}/Podfile.lock\" \"${PODS_ROOT}/Manifest.lock\" > /dev/null\nif [ $? != 0 ] ; then\n    # print error to STDERR\n    echo \"error: The sandbox is not in sync with the Podfile.lock. Run 'pod install' or update your CocoaPods installation.\" >&2\n    exit 1\nfi\n# This output is used by Xcode 'outputs' to avoid re-running this script phase.\necho \"SUCCESS\" > \"${SCRIPT_OUTPUT_FILE_0}\"\n";
			showEnvVarsInLog = 0;
		};
/* End PBXShellScriptBuildPhase section */

/* Begin PBXSourcesBuildPhase section */
		4C703ACB2110EF5800A25563 /* Sources */ = {
			isa = PBXSourcesBuildPhase;
			buildActionMask = 2147483647;
			files = (
				4C119D9F2111C7FA00F0536A /* NetworkHelper.swift in Sources */,
				4C703B112111BCD200A25563 /* User.swift in Sources */,
				4C119DA9211215A500F0536A /* LandingViewController.swift in Sources */,
				4C31BC4421121F9C007B35C7 /* FoodItem.swift in Sources */,
				4C31BC4A21122A54007B35C7 /* KeychainHelper.swift in Sources */,
				4C703AD52110EF5800A25563 /* ViewController.swift in Sources */,
				4CD8AF4121138AC700E0681B /* FoodPrepViewController.swift in Sources */,
				4CD8AF3D2113653300E0681B /* HajjColor.swift in Sources */,
				4C31BC4E21124531007B35C7 /* File.swift in Sources */,
				4C703AF32111A5C600A25563 /* LabelCollectionViewCell.swift in Sources */,
				4C703AED2111A5BA00A25563 /* DetailsCollectionViewController.swift in Sources */,
				4C703AF42111A5C600A25563 /* HeaderCollectionViewCell.swift in Sources */,
				4C31BC47211226CE007B35C7 /* VendingMachineCollectionViewCell.swift in Sources */,
				4C703B0E2111BA3500A25563 /* ApiManager.swift in Sources */,
				4C703B092111B5D000A25563 /* VendingMachineCollectionViewController.swift in Sources */,
				4C703AD32110EF5800A25563 /* AppDelegate.swift in Sources */,
				4C119DA52111D25C00F0536A /* FoodItemCollectionViewCell.swift in Sources */,
				4C703AEC2111A5BA00A25563 /* DetailsViewModel.swift in Sources */,
				4C107EC82113DC6100E01C22 /* EmptyStateView.swift in Sources */,
				4C31BC4C21123613007B35C7 /* SupplyFoodViewController.swift in Sources */,
				4C703AFE2111A68400A25563 /* EmptyCollectionViewCell.swift in Sources */,
				4C703AFD2111A68400A25563 /* DetailsBaseCollectionViewCell.swift in Sources */,
				4C31BC4021121EAF007B35C7 /* SelectMachineViewController.swift in Sources */,
				4C703B032111A68400A25563 /* ButtonCollectionViewCell.swift in Sources */,
				4C703B012111A68400A25563 /* PerosnCollectionViewCell.swift in Sources */,
				4CD8AF45211393A500E0681B /* FoodTypeViewController.swift in Sources */,
				4C31BC4221121F22007B35C7 /* VendingMachine.swift in Sources */,
			);
			runOnlyForDeploymentPostprocessing = 0;
		};
/* End PBXSourcesBuildPhase section */

/* Begin PBXVariantGroup section */
		4C703AD62110EF5800A25563 /* Main.storyboard */ = {
			isa = PBXVariantGroup;
			children = (
				4C703AD72110EF5800A25563 /* Base */,
			);
			name = Main.storyboard;
			sourceTree = "<group>";
		};
		4C703ADB2110EF5900A25563 /* LaunchScreen.storyboard */ = {
			isa = PBXVariantGroup;
			children = (
				4C703ADC2110EF5900A25563 /* Base */,
			);
			name = LaunchScreen.storyboard;
			sourceTree = "<group>";
		};
/* End PBXVariantGroup section */

/* Begin XCBuildConfiguration section */
		4C703ADF2110EF5900A25563 /* Debug */ = {
			isa = XCBuildConfiguration;
			buildSettings = {
				ALWAYS_SEARCH_USER_PATHS = NO;
				CLANG_ANALYZER_NONNULL = YES;
				CLANG_ANALYZER_NUMBER_OBJECT_CONVERSION = YES_AGGRESSIVE;
				CLANG_CXX_LANGUAGE_STANDARD = "gnu++14";
				CLANG_CXX_LIBRARY = "libc++";
				CLANG_ENABLE_MODULES = YES;
				CLANG_ENABLE_OBJC_ARC = YES;
				CLANG_ENABLE_OBJC_WEAK = YES;
				CLANG_WARN_BLOCK_CAPTURE_AUTORELEASING = YES;
				CLANG_WARN_BOOL_CONVERSION = YES;
				CLANG_WARN_COMMA = YES;
				CLANG_WARN_CONSTANT_CONVERSION = YES;
				CLANG_WARN_DEPRECATED_OBJC_IMPLEMENTATIONS = YES;
				CLANG_WARN_DIRECT_OBJC_ISA_USAGE = YES_ERROR;
				CLANG_WARN_DOCUMENTATION_COMMENTS = YES;
				CLANG_WARN_EMPTY_BODY = YES;
				CLANG_WARN_ENUM_CONVERSION = YES;
				CLANG_WARN_INFINITE_RECURSION = YES;
				CLANG_WARN_INT_CONVERSION = YES;
				CLANG_WARN_NON_LITERAL_NULL_CONVERSION = YES;
				CLANG_WARN_OBJC_IMPLICIT_RETAIN_SELF = YES;
				CLANG_WARN_OBJC_LITERAL_CONVERSION = YES;
				CLANG_WARN_OBJC_ROOT_CLASS = YES_ERROR;
				CLANG_WARN_RANGE_LOOP_ANALYSIS = YES;
				CLANG_WARN_STRICT_PROTOTYPES = YES;
				CLANG_WARN_SUSPICIOUS_MOVE = YES;
				CLANG_WARN_UNGUARDED_AVAILABILITY = YES_AGGRESSIVE;
				CLANG_WARN_UNREACHABLE_CODE = YES;
				CLANG_WARN__DUPLICATE_METHOD_MATCH = YES;
				CODE_SIGN_IDENTITY = "iPhone Developer";
				COPY_PHASE_STRIP = NO;
				DEBUG_INFORMATION_FORMAT = dwarf;
				ENABLE_STRICT_OBJC_MSGSEND = YES;
				ENABLE_TESTABILITY = YES;
				GCC_C_LANGUAGE_STANDARD = gnu11;
				GCC_DYNAMIC_NO_PIC = NO;
				GCC_NO_COMMON_BLOCKS = YES;
				GCC_OPTIMIZATION_LEVEL = 0;
				GCC_PREPROCESSOR_DEFINITIONS = (
					"DEBUG=1",
					"$(inherited)",
				);
				GCC_WARN_64_TO_32_BIT_CONVERSION = YES;
				GCC_WARN_ABOUT_RETURN_TYPE = YES_ERROR;
				GCC_WARN_UNDECLARED_SELECTOR = YES;
				GCC_WARN_UNINITIALIZED_AUTOS = YES_AGGRESSIVE;
				GCC_WARN_UNUSED_FUNCTION = YES;
				GCC_WARN_UNUSED_VARIABLE = YES;
				IPHONEOS_DEPLOYMENT_TARGET = 11.4;
				MTL_ENABLE_DEBUG_INFO = YES;
				ONLY_ACTIVE_ARCH = YES;
				SDKROOT = iphoneos;
				SWIFT_ACTIVE_COMPILATION_CONDITIONS = DEBUG;
				SWIFT_OPTIMIZATION_LEVEL = "-Onone";
			};
			name = Debug;
		};
		4C703AE02110EF5900A25563 /* Release */ = {
			isa = XCBuildConfiguration;
			buildSettings = {
				ALWAYS_SEARCH_USER_PATHS = NO;
				CLANG_ANALYZER_NONNULL = YES;
				CLANG_ANALYZER_NUMBER_OBJECT_CONVERSION = YES_AGGRESSIVE;
				CLANG_CXX_LANGUAGE_STANDARD = "gnu++14";
				CLANG_CXX_LIBRARY = "libc++";
				CLANG_ENABLE_MODULES = YES;
				CLANG_ENABLE_OBJC_ARC = YES;
				CLANG_ENABLE_OBJC_WEAK = YES;
				CLANG_WARN_BLOCK_CAPTURE_AUTORELEASING = YES;
				CLANG_WARN_BOOL_CONVERSION = YES;
				CLANG_WARN_COMMA = YES;
				CLANG_WARN_CONSTANT_CONVERSION = YES;
				CLANG_WARN_DEPRECATED_OBJC_IMPLEMENTATIONS = YES;
				CLANG_WARN_DIRECT_OBJC_ISA_USAGE = YES_ERROR;
				CLANG_WARN_DOCUMENTATION_COMMENTS = YES;
				CLANG_WARN_EMPTY_BODY = YES;
				CLANG_WARN_ENUM_CONVERSION = YES;
				CLANG_WARN_INFINITE_RECURSION = YES;
				CLANG_WARN_INT_CONVERSION = YES;
				CLANG_WARN_NON_LITERAL_NULL_CONVERSION = YES;
				CLANG_WARN_OBJC_IMPLICIT_RETAIN_SELF = YES;
				CLANG_WARN_OBJC_LITERAL_CONVERSION = YES;
				CLANG_WARN_OBJC_ROOT_CLASS = YES_ERROR;
				CLANG_WARN_RANGE_LOOP_ANALYSIS = YES;
				CLANG_WARN_STRICT_PROTOTYPES = YES;
				CLANG_WARN_SUSPICIOUS_MOVE = YES;
				CLANG_WARN_UNGUARDED_AVAILABILITY = YES_AGGRESSIVE;
				CLANG_WARN_UNREACHABLE_CODE = YES;
				CLANG_WARN__DUPLICATE_METHOD_MATCH = YES;
				CODE_SIGN_IDENTITY = "iPhone Developer";
				COPY_PHASE_STRIP = NO;
				DEBUG_INFORMATION_FORMAT = "dwarf-with-dsym";
				ENABLE_NS_ASSERTIONS = NO;
				ENABLE_STRICT_OBJC_MSGSEND = YES;
				GCC_C_LANGUAGE_STANDARD = gnu11;
				GCC_NO_COMMON_BLOCKS = YES;
				GCC_WARN_64_TO_32_BIT_CONVERSION = YES;
				GCC_WARN_ABOUT_RETURN_TYPE = YES_ERROR;
				GCC_WARN_UNDECLARED_SELECTOR = YES;
				GCC_WARN_UNINITIALIZED_AUTOS = YES_AGGRESSIVE;
				GCC_WARN_UNUSED_FUNCTION = YES;
				GCC_WARN_UNUSED_VARIABLE = YES;
				IPHONEOS_DEPLOYMENT_TARGET = 11.4;
				MTL_ENABLE_DEBUG_INFO = NO;
				SDKROOT = iphoneos;
				SWIFT_COMPILATION_MODE = wholemodule;
				SWIFT_OPTIMIZATION_LEVEL = "-O";
				VALIDATE_PRODUCT = YES;
			};
			name = Release;
		};
		4C703AE22110EF5900A25563 /* Debug */ = {
			isa = XCBuildConfiguration;
			baseConfigurationReference = 6E801920AB68B608586AA045 /* Pods-Hajj-Hackathon-2018.debug.xcconfig */;
			buildSettings = {
				ASSETCATALOG_COMPILER_APPICON_NAME = AppIcon;
				CODE_SIGN_STYLE = Automatic;
				DEVELOPMENT_TEAM = 3S846UE5F8;
				INFOPLIST_FILE = "Hajj-Hackathon-2018/Info.plist";
				LD_RUNPATH_SEARCH_PATHS = (
					"$(inherited)",
					"@executable_path/Frameworks",
				);
				PRODUCT_BUNDLE_IDENTIFIER = "com.omaarr90.Hajj-Hackathon-2018";
				PRODUCT_NAME = "$(TARGET_NAME)";
				SWIFT_VERSION = 4.0;
				TARGETED_DEVICE_FAMILY = 2;
			};
			name = Debug;
		};
		4C703AE32110EF5900A25563 /* Release */ = {
			isa = XCBuildConfiguration;
			baseConfigurationReference = 95ADD3DF42AB4996975FA6F6 /* Pods-Hajj-Hackathon-2018.release.xcconfig */;
			buildSettings = {
				ASSETCATALOG_COMPILER_APPICON_NAME = AppIcon;
				CODE_SIGN_STYLE = Automatic;
				DEVELOPMENT_TEAM = 3S846UE5F8;
				INFOPLIST_FILE = "Hajj-Hackathon-2018/Info.plist";
				LD_RUNPATH_SEARCH_PATHS = (
					"$(inherited)",
					"@executable_path/Frameworks",
				);
				PRODUCT_BUNDLE_IDENTIFIER = "com.omaarr90.Hajj-Hackathon-2018";
				PRODUCT_NAME = "$(TARGET_NAME)";
				SWIFT_VERSION = 4.0;
				TARGETED_DEVICE_FAMILY = 2;
			};
			name = Release;
		};
/* End XCBuildConfiguration section */

/* Begin XCConfigurationList section */
		4C703ACA2110EF5800A25563 /* Build configuration list for PBXProject "Hajj-Hackathon-2018" */ = {
			isa = XCConfigurationList;
			buildConfigurations = (
				4C703ADF2110EF5900A25563 /* Debug */,
				4C703AE02110EF5900A25563 /* Release */,
			);
			defaultConfigurationIsVisible = 0;
			defaultConfigurationName = Release;
		};
		4C703AE12110EF5900A25563 /* Build configuration list for PBXNativeTarget "Hajj-Hackathon-2018" */ = {
			isa = XCConfigurationList;
			buildConfigurations = (
				4C703AE22110EF5900A25563 /* Debug */,
				4C703AE32110EF5900A25563 /* Release */,
			);
			defaultConfigurationIsVisible = 0;
			defaultConfigurationName = Release;
		};
/* End XCConfigurationList section */
	};
	rootObject = 4C703AC72110EF5800A25563 /* Project object */;
}
